{
  "pins" : [
    {
      "identity" : "appcenter-sdk-apple",
      "kind" : "remoteSourceControl",
      "location" : "git@github.com:microsoft/appcenter-sdk-apple.git",
      "state" : {
        "revision" : "1120c26835925f8314d035127c580bc71689c620",
        "version" : "5.0.4"
      }
    },
    {
      "identity" : "bettersafariview",
      "kind" : "remoteSourceControl",
      "location" : "https://github.com/stleamist/BetterSafariView.git",
      "state" : {
        "revision" : "dffd42bc70287e761979bc81dd278db5c80f0deb",
        "version" : "2.4.1"
      }
    },
    {
      "identity" : "charts",
      "kind" : "remoteSourceControl",
      "location" : "git@github.com:danielgindi/Charts.git",
      "state" : {
        "revision" : "07b23476ad52b926be772f317d8f1d4511ee8d02",
        "version" : "4.1.0"
      }
    },
    {
      "identity" : "digital-ios-sdk",
      "kind" : "remoteSourceControl",
      "location" : "git@github.com:medallia/digital-ios-sdk.git",
      "state" : {
        "revision" : "fe4d527f0726bbeebeeb1aaef520721a57c90740",
        "version" : "4.1.0"
      }
    },
    {
      "identity" : "eu_ios_design_system",
      "kind" : "remoteSourceControl",
      "location" : "git@ssh.dev.azure.com:v3/exelontfs/EU-mobile/EU_iOS_Design_System",
      "state" : {
        "revision" : "761db9ca51c0b08747b5d3a3568391bd5b075232",
        "version" : "0.3.1"
      }
    },
    {
      "identity" : "fxpagecontrol",
      "kind" : "remoteSourceControl",
      "location" : "https://github.com/nicklockwood/FXPageControl.git",
      "state" : {
        "revision" : "a94633402ba98c52f86c2a70e61ff086dec9de78",
        "version" : "1.6.0"
      }
    },
    {
      "identity" : "horizoncalendar",
      "kind" : "remoteSourceControl",
      "location" : "git@github.com:airbnb/HorizonCalendar.git",
      "state" : {
        "revision" : "1e98736e42fe4e5bea39ce8b89838641f2261c32",
        "version" : "1.13.3"
      }
    },
    {
      "identity" : "lottie-spm",
      "kind" : "remoteSourceControl",
      "location" : "git@github.com:airbnb/lottie-spm.git",
      "state" : {
        "revision" : "3e7eb8281ff9ac67e64a3a58a80c0aa9fa388b04",
        "version" : "4.3.3"
      }
    },
    {
      "identity" : "plcrashreporter",
      "kind" : "remoteSourceControl",
      "location" : "https://github.com/microsoft/PLCrashReporter.git",
      "state" : {
        "revision" : "1aed8f7dc79ce8e674c61e430ef51ca3db18cea9",
        "version" : "1.11.1"
      }
    },
    {
      "identity" : "reachability.swift",
      "kind" : "remoteSourceControl",
      "location" : "git@github.com:ashleymills/Reachability.swift.git",
      "state" : {
        "revision" : "6c8652a8ea35a64cf36367d07b3d6e5e6a24b272",
        "version" : "4.3.1"
      }
    },
    {
      "identity" : "swift-algorithms",
      "kind" : "remoteSourceControl",
      "location" : "https://github.com/apple/swift-algorithms",
      "state" : {
        "revision" : "bcd4f369ac962bc3e5244c9df778739f8f5bdbf1",
        "version" : "1.1.0"
      }
    },
    {
      "identity" : "swift-numerics",
      "kind" : "remoteSourceControl",
      "location" : "https://github.com/apple/swift-numerics.git",
      "state" : {
        "revision" : "0a5bc04095a675662cf24757cc0640aa2204253b",
        "version" : "1.0.2"
      }
    },
    {
      "identity" : "toast-swift",
      "kind" : "remoteSourceControl",
      "location" : "git@github.com:scalessec/Toast-Swift.git",
      "state" : {
        "revision" : "0c9493eeacb102cc614da385cfaaf475379f4ab4",
        "version" : "5.0.1"
      }
    },
    {
      "identity" : "xlpagertabstrip",
      "kind" : "remoteSourceControl",
      "location" : "git@github.com:xmartlabs/XLPagerTabStrip.git",
      "state" : {
        "revision" : "211ed62aa376722cf93c429802a8b6ff66a8bd52",
        "version" : "9.1.0"
      }
    }
  ],
  "version" : 2
}
