PODS:
  - AppCenter (1.14.0):
    - AppCenter/Analytics (= 1.14.0)
    - AppCenter/Crashes (= 1.14.0)
  - AppCenter/Analytics (1.14.0):
    - AppCenter/Core
  - AppCenter/Core (1.14.0)
  - AppCenter/Crashes (1.14.0):
    - AppCenter/Core
  - AppCenterXCUITestExtensions (1.0.0)
  - Charts (3.3):
    - Charts/Core (= 3.3)
  - Charts/Core (3.3)
  - Firebase/Core (5.19.0):
    - Firebase/CoreOnly
    - FirebaseAnalytics (= 5.8.0)
  - Firebase/CoreOnly (5.19.0):
    - FirebaseCore (= 5.4.0)
  - FirebaseAnalytics (5.8.0):
    - FirebaseCore (~> 5.4)
    - FirebaseInstanceID (~> 3.8)
    - GoogleAppMeasurement (= 5.8.0)
    - GoogleUtilities/AppDelegateSwizzler (~> 5.2)
    - GoogleUtilities/MethodSwizzler (~> 5.2)
    - GoogleUtilities/Network (~> 5.2)
    - "GoogleUtilities/NSData+zlib (~> 5.2)"
    - nanopb (~> 0.3)
  - FirebaseCore (5.4.0):
    - GoogleUtilities/Environment (~> 5.2)
    - GoogleUtilities/Logger (~> 5.2)
  - FirebaseInstanceID (3.8.0):
    - FirebaseCore (~> 5.2)
    - GoogleUtilities/Environment (~> 5.2)
    - GoogleUtilities/UserDefaults (~> 5.2)
  - GoogleAnalytics (3.17.0)
  - GoogleAppMeasurement (5.8.0):
    - GoogleUtilities/AppDelegateSwizzler (~> 5.2)
    - GoogleUtilities/MethodSwizzler (~> 5.2)
    - GoogleUtilities/Network (~> 5.2)
    - "GoogleUtilities/NSData+zlib (~> 5.2)"
    - nanopb (~> 0.3)
  - GoogleUtilities/AppDelegateSwizzler (5.5.0):
    - GoogleUtilities/Environment
    - GoogleUtilities/Logger
    - GoogleUtilities/Network
  - GoogleUtilities/Environment (5.5.0)
  - GoogleUtilities/Logger (5.5.0):
    - GoogleUtilities/Environment
  - GoogleUtilities/MethodSwizzler (5.5.0):
    - GoogleUtilities/Logger
  - GoogleUtilities/Network (5.5.0):
    - GoogleUtilities/Logger
    - "GoogleUtilities/NSData+zlib"
    - GoogleUtilities/Reachability
  - "GoogleUtilities/NSData+zlib (5.5.0)"
  - GoogleUtilities/Reachability (5.5.0):
    - GoogleUtilities/Logger
  - GoogleUtilities/UserDefaults (5.5.0):
    - GoogleUtilities/Logger
  - JVFloatLabeledTextField (1.2.1)
  - lottie-ios (2.5.3)
  - ModelMapper (10.0.0):
    - ModelMapper/Core (= 10.0.0)
  - ModelMapper/Core (10.0.0)
  - nanopb (0.3.901):
    - nanopb/decode (= 0.3.901)
    - nanopb/encode (= 0.3.901)
  - nanopb/decode (0.3.901)
  - nanopb/encode (0.3.901)
  - PDTSimpleCalendar (0.9.1)
  - ReachabilitySwift (4.3.1)
  - RxCocoa (4.4.2):
    - RxSwift (>= 4.4.2, ~> 4.4)
  - RxSwift (4.5.0)
  - RxSwiftExt (3.4.0):
    - RxSwiftExt/Core (= 3.4.0)
    - RxSwiftExt/RxCocoa (= 3.4.0)
  - RxSwiftExt/Core (3.4.0):
    - RxSwift (~> 4.0)
  - RxSwiftExt/RxCocoa (3.4.0):
    - RxCocoa (~> 4.0)
    - RxSwiftExt/Core
  - RxTest (4.5.0):
    - RxSwift (>= 4.4.2, ~> 4.4)
  - Toast-Swift (5.0.0)
  - XLPagerTabStrip (9.0.0)
  - zxcvbn-ios (1.0.4)

DEPENDENCIES:
  - AppCenter (= 1.14)
  - AppCenterXCUITestExtensions (= 1.0)
  - Charts (= 3.3)
  - Firebase/Core (= 5.19.0)
  - GoogleAnalytics (= 3.17.0)
  - JVFloatLabeledTextField (= 1.2.1)
  - lottie-ios (= 2.5.3)
  - ModelMapper (= 10.0.0)
  - PDTSimpleCalendar (= 0.9.1)
  - ReachabilitySwift (= 4.3.1)
  - RxSwift (= 4.5.0)
  - RxSwiftExt (= 3.4.0)
  - RxSwiftExt/RxCocoa (= 3.4.0)
  - RxTest (= 4.5.0)
  - Toast-Swift (= 5.0.0)
  - XLPagerTabStrip (= 9.0.0)
  - zxcvbn-ios (= 1.0.4)

SPEC REPOS:
  https://github.com/cocoapods/specs.git:
    - AppCenter
    - AppCenterXCUITestExtensions
    - Charts
    - Firebase
    - FirebaseAnalytics
    - FirebaseCore
    - FirebaseInstanceID
    - GoogleAnalytics
    - GoogleAppMeasurement
    - GoogleUtilities
    - JVFloatLabeledTextField
    - lottie-ios
    - ModelMapper
    - nanopb
    - PDTSimpleCalendar
    - ReachabilitySwift
    - RxCocoa
    - RxSwift
    - RxSwiftExt
    - RxTest
    - Toast-Swift
    - XLPagerTabStrip
    - zxcvbn-ios

SPEC CHECKSUMS:
  AppCenter: 02c5efe08d3bbab5421ae41d5f7aa7238906b817
  AppCenterXCUITestExtensions: 8825ed941664fa21d6740a5ed6928a84c06623ac
  Charts: a5609adcbd70a0f7e15c6984d7e9b5ceecf3b71d
  Firebase: c60d49e9c2630875a96207d15e2affb8364996d1
  FirebaseAnalytics: fd72a26bf8dac84cefba2f0864366f718555a5b0
  FirebaseCore: 22a79a961c3951ef2f77b67bfbc99e454247b319
  FirebaseInstanceID: cf488df2f4b79782f0e430b04a0e17c0aa7979b2
  GoogleAnalytics: f42cc53a87a51fe94334821868d9c8481ff47a7b
  GoogleAppMeasurement: 1624046ab1bcc5e170061a56ef5679000b079c8e
  GoogleUtilities: 6481e6318c5fcabaaa8513ef8120f329055d7c10
  JVFloatLabeledTextField: cfc44e3c4d493b2ed92ede8035e8e89c2912ba64
  lottie-ios: a50d5c0160425cd4b01b852bb9578963e6d92d31
  ModelMapper: a8dbf2a2003bf626627b9fe7c9a22b3405a30404
  nanopb: 2901f78ea1b7b4015c860c2fdd1ea2fee1a18d48
  PDTSimpleCalendar: d1c03387678422715dc021aa1a85d70f4d1014f2
  ReachabilitySwift: 4032e2f59586e11e3b0ebe15b167abdd587a388b
  RxCocoa: 477990dc3b4c3ff55fb0ac77e1cc06244e0aaec8
  RxSwift: f172070dfd1a93d70a9ab97a5a01166206e1c575
  RxSwiftExt: 01f8ecbeeb355698e9c75365ebe908b00dacf45d
  RxTest: 3ccb66bfbace0bf7df1c43a7c75d046f8ce60372
  Toast-Swift: 36f4720243c8582c2be243a60a51e193c761f541
  XLPagerTabStrip: 61c57fd61f611ee5f01ff1495ad6fbee8bf496c5
  zxcvbn-ios: fef98b7c80f1512ff0eec47ac1fa399fc00f7e3c

PODFILE CHECKSUM: e7e7600cdb6da72d60a70eb270a69cf4faa474d6

COCOAPODS: 1.6.1
