<?xml version="1.0" encoding="UTF-8"?>
<Scheme
   LastUpgradeVersion = "1160"
   version = "1.3">
   <BuildAction
      parallelizeBuildables = "YES"
      buildImplicitDependencies = "YES">
      <BuildActionEntries>
         <BuildActionEntry
            buildForTesting = "YES"
            buildForRunning = "YES"
            buildForProfiling = "YES"
            buildForArchiving = "YES"
            buildForAnalyzing = "YES">
            <BuildableReference
               BuildableIdentifier = "primary"
               BlueprintIdentifier = "B58B5B201E515C840051FD5F"
               BuildableName = "ComEd.app"
               BlueprintName = "ComEd"
               ReferencedContainer = "container:Mobile.xcodeproj">
            </BuildableReference>
         </BuildActionEntry>
         <BuildActionEntry
            buildForTesting = "NO"
            buildForRunning = "NO"
            buildForProfiling = "NO"
            buildForArchiving = "NO"
            buildForAnalyzing = "NO">
            <BuildableReference
               BuildableIdentifier = "primary"
               BlueprintIdentifier = "E8F62B0B2009207C0077B3DA"
               BuildableName = "ComEdUITests.xctest"
               BlueprintName = "ComEdUITests"
               ReferencedContainer = "container:Mobile.xcodeproj">
            </BuildableReference>
         </BuildActionEntry>
      </BuildActionEntries>
   </BuildAction>
   <TestAction
      buildConfiguration = "Automation"
      selectedDebuggerIdentifier = "Xcode.DebuggerFoundation.Debugger.LLDB"
      selectedLauncherIdentifier = "Xcode.DebuggerFoundation.Launcher.LLDB"
      shouldUseLaunchSchemeArgsEnv = "YES"
      codeCoverageEnabled = "YES">
      <MacroExpansion>
         <BuildableReference
            BuildableIdentifier = "primary"
            BlueprintIdentifier = "B58B5B201E515C840051FD5F"
            BuildableName = "ComEd.app"
            BlueprintName = "ComEd"
            ReferencedContainer = "container:Mobile.xcodeproj">
         </BuildableReference>
      </MacroExpansion>
      <Testables>
         <TestableReference
            skipped = "NO">
            <BuildableReference
               BuildableIdentifier = "primary"
               BlueprintIdentifier = "E8F62B31200924410077B3DA"
               BuildableName = "ComEdUnitTests.xctest"
               BlueprintName = "ComEdUnitTests"
               ReferencedContainer = "container:Mobile.xcodeproj">
            </BuildableReference>
         </TestableReference>
      </Testables>
   </TestAction>
   <LaunchAction
      buildConfiguration = "Automation"
      selectedDebuggerIdentifier = "Xcode.DebuggerFoundation.Debugger.LLDB"
      selectedLauncherIdentifier = "Xcode.DebuggerFoundation.Launcher.LLDB"
      launchStyle = "0"
      useCustomWorkingDirectory = "NO"
      ignoresPersistentStateOnLaunch = "NO"
      debugDocumentVersioning = "YES"
      debugServiceExtension = "internal"
      allowLocationSimulation = "YES">
      <BuildableProductRunnable
         runnableDebuggingMode = "0">
         <BuildableReference
            BuildableIdentifier = "primary"
            BlueprintIdentifier = "B58B5B201E515C840051FD5F"
            BuildableName = "ComEd.app"
            BlueprintName = "ComEd"
            ReferencedContainer = "container:Mobile.xcodeproj">
         </BuildableReference>
      </BuildableProductRunnable>
      <CommandLineArguments>
         <CommandLineArgument
            argument = "-FIRAnalyticsDebugEnabled"
            isEnabled = "YES">
         </CommandLineArgument>
         <CommandLineArgument
            argument = "-shouldLogAPI"
            isEnabled = "YES">
         </CommandLineArgument>
         <CommandLineArgument
            argument = "-FIRAnalyticsDebugDisabled"
            isEnabled = "NO">
         </CommandLineArgument>
      </CommandLineArguments>
   </LaunchAction>
   <ProfileAction
      buildConfiguration = "Automation"
      shouldUseLaunchSchemeArgsEnv = "YES"
      savedToolIdentifier = ""
      useCustomWorkingDirectory = "NO"
      debugDocumentVersioning = "YES">
      <BuildableProductRunnable
         runnableDebuggingMode = "0">
         <BuildableReference
            BuildableIdentifier = "primary"
            BlueprintIdentifier = "B58B5B201E515C840051FD5F"
            BuildableName = "ComEd.app"
            BlueprintName = "ComEd"
            ReferencedContainer = "container:Mobile.xcodeproj">
         </BuildableReference>
      </BuildableProductRunnable>
   </ProfileAction>
   <AnalyzeAction
      buildConfiguration = "Automation">
   </AnalyzeAction>
   <ArchiveAction
      buildConfiguration = "Automation"
      revealArchiveInOrganizer = "YES">
   </ArchiveAction>
</Scheme>
